
Microsoft Visual Studio Solution File, Format Version 12.00
Project("{FAE04EC0-301F-11D3-BF4B-00C04F79EFBC}") = "Crypticism", "Crypticism\Crypticism.csproj", "{56988A2D-772A-4C37-9870-87341D8370CF}"
EndProject
Global
	GlobalSection(SolutionConfigurationPlatforms) = preSolution
		Debug|Any CPU = Debug|Any CPU
		Release|Any CPU = Release|Any CPU
	EndGlobalSection
	GlobalSection(ProjectConfigurationPlatforms) = postSolution
		{56988A2D-772A-4C37-9870-87341D8370CF}.Debug|Any CPU.ActiveCfg = Debug|Any CPU
		{56988A2D-772A-4C37-9870-87341D8370CF}.Debug|Any CPU.Build.0 = Debug|Any CPU
		{56988A2D-772A-4C37-9870-87341D8370CF}.Release|Any CPU.ActiveCfg = Release|Any CPU
		{56988A2D-772A-4C37-9870-87341D8370CF}.Release|Any CPU.Build.0 = Release|Any CPU
	EndGlobalSection
EndGlobal
